
Microsoft Visual Studio Solution File, Format Version 11.00
# Visual Studio 2010
Project("{FAE04EC0-301F-11D3-BF4B-00C04F79EFBC}") = "Assembly-CSharp", "Assembly-CSharp.csproj", "{70634dfc-2ac9-5363-ec3e-c459f8c8a37e}"
EndProject
Project("{FAE04EC0-301F-11D3-BF4B-00C04F79EFBC}") = "Assembly-CSharp-Editor", "Assembly-CSharp-Editor.csproj", "{6a295ab9-5949-b009-cfe1-a924276cd672}"
EndProject
Global
	GlobalSection(SolutionConfigurationPlatforms) = preSolution
		Debug|Any CPU = Debug|Any CPU
	EndGlobalSection
	GlobalSection(ProjectConfigurationPlatforms) = postSolution
		{70634dfc-2ac9-5363-ec3e-c459f8c8a37e}.Debug|Any CPU.ActiveCfg = Debug|Any CPU
		{70634dfc-2ac9-5363-ec3e-c459f8c8a37e}.Debug|Any CPU.Build.0 = Debug|Any CPU
		{6a295ab9-5949-b009-cfe1-a924276cd672}.Debug|Any CPU.ActiveCfg = Debug|Any CPU
		{6a295ab9-5949-b009-cfe1-a924276cd672}.Debug|Any CPU.Build.0 = Debug|Any CPU
	EndGlobalSection
	GlobalSection(SolutionProperties) = preSolution
		HideSolutionNode = FALSE
	EndGlobalSection
EndGlobal
